
Microsoft Visual Studio Solution File, Format Version 12.00
Project("{FAE04EC0-301F-11D3-BF4B-00C04F79EFBC}") = "DistributedSystemsPatterns.UniqueConstraints.Service", "UniqueConstraints\DistributedSystemsPatterns.UniqueConstraints.Service\DistributedSystemsPatterns.UniqueConstraints.Service.csproj", "{F755A922-F22E-441F-AB16-B6F9117C869E}"
EndProject
Project("{FAE04EC0-301F-11D3-BF4B-00C04F79EFBC}") = "DistributedSystemsPatterns.UniqueConstraints.Mongo", "UniqueConstraints\DistributedSystemsPatterns.UniqueConstraints.Mongo\DistributedSystemsPatterns.UniqueConstraints.Mongo.csproj", "{B39F3E5E-C6C8-4E11-8638-DAA9714F3DA9}"
EndProject
Project("{2150E333-8FDC-42A3-9474-1A3956D46DE8}") = "Applications", "Applications", "{04C50F1B-5079-4286-9C40-8BFACBB69C53}"
EndProject
Project("{2150E333-8FDC-42A3-9474-1A3956D46DE8}") = "Shared", "Shared", "{85C3B804-2C90-455F-90F6-31E16BD215B7}"
EndProject
Project("{FAE04EC0-301F-11D3-BF4B-00C04F79EFBC}") = "DistributedSystemsPatterns.Shared.Serialization", "Shared\DistributedSystemsPatterns.Shared.Serialization\DistributedSystemsPatterns.Shared.Serialization.csproj", "{30AC043B-195A-4986-9BE6-CF24F50B97B1}"
EndProject
Project("{2150E333-8FDC-42A3-9474-1A3956D46DE8}") = "UniqueConstraints", "UniqueConstraints", "{5A76C44E-E9CA-46A1-B2AE-FAD0D92FDAE4}"
EndProject
Project("{2150E333-8FDC-42A3-9474-1A3956D46DE8}") = "App", "App", "{624905D0-11AC-42C2-B176-8CB5789BD39E}"
EndProject
Project("{2150E333-8FDC-42A3-9474-1A3956D46DE8}") = "Tests", "Tests", "{945214CD-64F9-4EF9-B5E7-5AC85A9A5AC6}"
EndProject
Project("{FAE04EC0-301F-11D3-BF4B-00C04F79EFBC}") = "DistributedSystemsPatterns.UniqueConstraints.IntegrationTests", "UniqueConstraints\DistributedSystemsPatterns.UniqueConstraints.IntegrationTests\DistributedSystemsPatterns.UniqueConstraints.IntegrationTests.csproj", "{73F085A1-0E69-4D53-99CE-A1EBB6E8878C}"
EndProject
Project("{2150E333-8FDC-42A3-9474-1A3956D46DE8}") = "SingleCurrentAggregate", "SingleCurrentAggregate", "{ACCB8B5E-F287-4DF1-A904-B9CA23C907AE}"
EndProject
Project("{2150E333-8FDC-42A3-9474-1A3956D46DE8}") = "App", "App", "{CC040133-4E33-43E1-8883-9424B8617AD6}"
EndProject
Project("{2150E333-8FDC-42A3-9474-1A3956D46DE8}") = "Test", "Test", "{A839D7D5-B27D-4285-AF98-09755B7743AF}"
EndProject
Project("{FAE04EC0-301F-11D3-BF4B-00C04F79EFBC}") = "DistributedSystemsPatterns.SingleCurrentAggregate.Service", "SingleCurrentAggregate\DistributedSystemsPatterns.SingleCurrentAggregate.Service\DistributedSystemsPatterns.SingleCurrentAggregate.Service.csproj", "{C8D7218F-D8D5-4286-8480-C3A480E56F61}"
EndProject
Project("{FAE04EC0-301F-11D3-BF4B-00C04F79EFBC}") = "DistributedSystemsPatterns.SingleCurrentAggregate.Data", "SingleCurrentAggregate\DistributedSystemsPatterns.SingleCurrentAggregate.Data\DistributedSystemsPatterns.SingleCurrentAggregate.Data.csproj", "{CD586439-DB91-432D-BB81-FB36A3E29FB5}"
EndProject
Project("{FAE04EC0-301F-11D3-BF4B-00C04F79EFBC}") = "DistributedSystemsPatterns.Shared.Ids", "Shared\DistributedSystemsPatterns.Shared.Ids\DistributedSystemsPatterns.Shared.Ids.csproj", "{49648E61-4C69-4176-B0DF-60A9B14BD7D1}"
EndProject
Project("{FAE04EC0-301F-11D3-BF4B-00C04F79EFBC}") = "DistributedSystemsPatterns.SingleCurrentAggregate.UnitTests", "SingleCurrentAggregate\DistributedSystemsPatterns.SingleCurrentAggregate.UnitTests\DistributedSystemsPatterns.SingleCurrentAggregate.UnitTests.csproj", "{526A5157-26F0-49E1-9645-F41B79753E2A}"
EndProject
Project("{FAE04EC0-301F-11D3-BF4B-00C04F79EFBC}") = "DistributedSystemsPatterns.SingleCurrentAggregate.Data.Mongo", "SingleCurrentAggregate\DistributedSystemsPatterns.SingleCurrentAggregate.Data.Mongo\DistributedSystemsPatterns.SingleCurrentAggregate.Data.Mongo.csproj", "{3DED4330-0121-4FFA-B320-5C449051152A}"
EndProject
Global
	GlobalSection(SolutionConfigurationPlatforms) = preSolution
		Debug|Any CPU = Debug|Any CPU
		Release|Any CPU = Release|Any CPU
	EndGlobalSection
	GlobalSection(ProjectConfigurationPlatforms) = postSolution
		{F755A922-F22E-441F-AB16-B6F9117C869E}.Debug|Any CPU.ActiveCfg = Debug|Any CPU
		{F755A922-F22E-441F-AB16-B6F9117C869E}.Debug|Any CPU.Build.0 = Debug|Any CPU
		{F755A922-F22E-441F-AB16-B6F9117C869E}.Release|Any CPU.ActiveCfg = Release|Any CPU
		{F755A922-F22E-441F-AB16-B6F9117C869E}.Release|Any CPU.Build.0 = Release|Any CPU
		{B39F3E5E-C6C8-4E11-8638-DAA9714F3DA9}.Debug|Any CPU.ActiveCfg = Debug|Any CPU
		{B39F3E5E-C6C8-4E11-8638-DAA9714F3DA9}.Debug|Any CPU.Build.0 = Debug|Any CPU
		{B39F3E5E-C6C8-4E11-8638-DAA9714F3DA9}.Release|Any CPU.ActiveCfg = Release|Any CPU
		{B39F3E5E-C6C8-4E11-8638-DAA9714F3DA9}.Release|Any CPU.Build.0 = Release|Any CPU
		{30AC043B-195A-4986-9BE6-CF24F50B97B1}.Debug|Any CPU.ActiveCfg = Debug|Any CPU
		{30AC043B-195A-4986-9BE6-CF24F50B97B1}.Debug|Any CPU.Build.0 = Debug|Any CPU
		{30AC043B-195A-4986-9BE6-CF24F50B97B1}.Release|Any CPU.ActiveCfg = Release|Any CPU
		{30AC043B-195A-4986-9BE6-CF24F50B97B1}.Release|Any CPU.Build.0 = Release|Any CPU
		{73F085A1-0E69-4D53-99CE-A1EBB6E8878C}.Debug|Any CPU.ActiveCfg = Debug|Any CPU
		{73F085A1-0E69-4D53-99CE-A1EBB6E8878C}.Debug|Any CPU.Build.0 = Debug|Any CPU
		{73F085A1-0E69-4D53-99CE-A1EBB6E8878C}.Release|Any CPU.ActiveCfg = Release|Any CPU
		{73F085A1-0E69-4D53-99CE-A1EBB6E8878C}.Release|Any CPU.Build.0 = Release|Any CPU
		{C8D7218F-D8D5-4286-8480-C3A480E56F61}.Debug|Any CPU.ActiveCfg = Debug|Any CPU
		{C8D7218F-D8D5-4286-8480-C3A480E56F61}.Debug|Any CPU.Build.0 = Debug|Any CPU
		{C8D7218F-D8D5-4286-8480-C3A480E56F61}.Release|Any CPU.ActiveCfg = Release|Any CPU
		{C8D7218F-D8D5-4286-8480-C3A480E56F61}.Release|Any CPU.Build.0 = Release|Any CPU
		{CD586439-DB91-432D-BB81-FB36A3E29FB5}.Debug|Any CPU.ActiveCfg = Debug|Any CPU
		{CD586439-DB91-432D-BB81-FB36A3E29FB5}.Debug|Any CPU.Build.0 = Debug|Any CPU
		{CD586439-DB91-432D-BB81-FB36A3E29FB5}.Release|Any CPU.ActiveCfg = Release|Any CPU
		{CD586439-DB91-432D-BB81-FB36A3E29FB5}.Release|Any CPU.Build.0 = Release|Any CPU
		{49648E61-4C69-4176-B0DF-60A9B14BD7D1}.Debug|Any CPU.ActiveCfg = Debug|Any CPU
		{49648E61-4C69-4176-B0DF-60A9B14BD7D1}.Debug|Any CPU.Build.0 = Debug|Any CPU
		{49648E61-4C69-4176-B0DF-60A9B14BD7D1}.Release|Any CPU.ActiveCfg = Release|Any CPU
		{49648E61-4C69-4176-B0DF-60A9B14BD7D1}.Release|Any CPU.Build.0 = Release|Any CPU
		{526A5157-26F0-49E1-9645-F41B79753E2A}.Debug|Any CPU.ActiveCfg = Debug|Any CPU
		{526A5157-26F0-49E1-9645-F41B79753E2A}.Debug|Any CPU.Build.0 = Debug|Any CPU
		{526A5157-26F0-49E1-9645-F41B79753E2A}.Release|Any CPU.ActiveCfg = Release|Any CPU
		{526A5157-26F0-49E1-9645-F41B79753E2A}.Release|Any CPU.Build.0 = Release|Any CPU
		{3DED4330-0121-4FFA-B320-5C449051152A}.Debug|Any CPU.ActiveCfg = Debug|Any CPU
		{3DED4330-0121-4FFA-B320-5C449051152A}.Debug|Any CPU.Build.0 = Debug|Any CPU
		{3DED4330-0121-4FFA-B320-5C449051152A}.Release|Any CPU.ActiveCfg = Release|Any CPU
		{3DED4330-0121-4FFA-B320-5C449051152A}.Release|Any CPU.Build.0 = Release|Any CPU
	EndGlobalSection
	GlobalSection(NestedProjects) = preSolution
		{30AC043B-195A-4986-9BE6-CF24F50B97B1} = {85C3B804-2C90-455F-90F6-31E16BD215B7}
		{5A76C44E-E9CA-46A1-B2AE-FAD0D92FDAE4} = {04C50F1B-5079-4286-9C40-8BFACBB69C53}
		{624905D0-11AC-42C2-B176-8CB5789BD39E} = {5A76C44E-E9CA-46A1-B2AE-FAD0D92FDAE4}
		{F755A922-F22E-441F-AB16-B6F9117C869E} = {624905D0-11AC-42C2-B176-8CB5789BD39E}
		{B39F3E5E-C6C8-4E11-8638-DAA9714F3DA9} = {624905D0-11AC-42C2-B176-8CB5789BD39E}
		{945214CD-64F9-4EF9-B5E7-5AC85A9A5AC6} = {5A76C44E-E9CA-46A1-B2AE-FAD0D92FDAE4}
		{73F085A1-0E69-4D53-99CE-A1EBB6E8878C} = {945214CD-64F9-4EF9-B5E7-5AC85A9A5AC6}
		{ACCB8B5E-F287-4DF1-A904-B9CA23C907AE} = {04C50F1B-5079-4286-9C40-8BFACBB69C53}
		{CC040133-4E33-43E1-8883-9424B8617AD6} = {ACCB8B5E-F287-4DF1-A904-B9CA23C907AE}
		{A839D7D5-B27D-4285-AF98-09755B7743AF} = {ACCB8B5E-F287-4DF1-A904-B9CA23C907AE}
		{C8D7218F-D8D5-4286-8480-C3A480E56F61} = {CC040133-4E33-43E1-8883-9424B8617AD6}
		{CD586439-DB91-432D-BB81-FB36A3E29FB5} = {CC040133-4E33-43E1-8883-9424B8617AD6}
		{49648E61-4C69-4176-B0DF-60A9B14BD7D1} = {85C3B804-2C90-455F-90F6-31E16BD215B7}
		{526A5157-26F0-49E1-9645-F41B79753E2A} = {A839D7D5-B27D-4285-AF98-09755B7743AF}
		{3DED4330-0121-4FFA-B320-5C449051152A} = {CC040133-4E33-43E1-8883-9424B8617AD6}
	EndGlobalSection
EndGlobal
